
Microsoft Visual Studio Solution File, Format Version 12.00
# Visual Studio Version 17
VisualStudioVersion = 17.13.35931.197
MinimumVisualStudioVersion = 10.0.40219.1
Project("{FAE04EC0-301F-11D3-BF4B-00C04F79EFBC}") = "BussinessObject", "BussinessObject\BussinessObject.csproj", "{5D042877-17E1-4AA9-A4EC-69A47ADEB44B}"
EndProject
Project("{FAE04EC0-301F-11D3-BF4B-00C04F79EFBC}") = "DataAccessLayer", "DataAccessLayer\DataAccessLayer.csproj", "{97E28ADE-FEB4-460F-8799-51038F8D135E}"
EndProject
Project("{FAE04EC0-301F-11D3-BF4B-00C04F79EFBC}") = "Repositories", "Repositories\Repositories.csproj", "{0C94A813-38C5-4950-ADC1-755F90A7D5AD}"
EndProject
Project("{FAE04EC0-301F-11D3-BF4B-00C04F79EFBC}") = "Services", "Services\Services.csproj", "{D070E016-DD12-44BC-9D80-41771C955756}"
EndProject
Project("{FAE04EC0-301F-11D3-BF4B-00C04F79EFBC}") = "NhatThienWPF", "ThienWPF\NhatThienWPF.csproj", "{4593A9D8-2108-490F-90A9-E3912E2582B2}"
EndProject
Global
	GlobalSection(SolutionConfigurationPlatforms) = preSolution
		Debug|Any CPU = Debug|Any CPU
		Release|Any CPU = Release|Any CPU
	EndGlobalSection
	GlobalSection(ProjectConfigurationPlatforms) = postSolution
		{5D042877-17E1-4AA9-A4EC-69A47ADEB44B}.Debug|Any CPU.ActiveCfg = Debug|Any CPU
		{5D042877-17E1-4AA9-A4EC-69A47ADEB44B}.Debug|Any CPU.Build.0 = Debug|Any CPU
		{5D042877-17E1-4AA9-A4EC-69A47ADEB44B}.Release|Any CPU.ActiveCfg = Release|Any CPU
		{5D042877-17E1-4AA9-A4EC-69A47ADEB44B}.Release|Any CPU.Build.0 = Release|Any CPU
		{97E28ADE-FEB4-460F-8799-51038F8D135E}.Debug|Any CPU.ActiveCfg = Debug|Any CPU
		{97E28ADE-FEB4-460F-8799-51038F8D135E}.Debug|Any CPU.Build.0 = Debug|Any CPU
		{97E28ADE-FEB4-460F-8799-51038F8D135E}.Release|Any CPU.ActiveCfg = Release|Any CPU
		{97E28ADE-FEB4-460F-8799-51038F8D135E}.Release|Any CPU.Build.0 = Release|Any CPU
		{0C94A813-38C5-4950-ADC1-755F90A7D5AD}.Debug|Any CPU.ActiveCfg = Debug|Any CPU
		{0C94A813-38C5-4950-ADC1-755F90A7D5AD}.Debug|Any CPU.Build.0 = Debug|Any CPU
		{0C94A813-38C5-4950-ADC1-755F90A7D5AD}.Release|Any CPU.ActiveCfg = Release|Any CPU
		{0C94A813-38C5-4950-ADC1-755F90A7D5AD}.Release|Any CPU.Build.0 = Release|Any CPU
		{D070E016-DD12-44BC-9D80-41771C955756}.Debug|Any CPU.ActiveCfg = Debug|Any CPU
		{D070E016-DD12-44BC-9D80-41771C955756}.Debug|Any CPU.Build.0 = Debug|Any CPU
		{D070E016-DD12-44BC-9D80-41771C955756}.Release|Any CPU.ActiveCfg = Release|Any CPU
		{D070E016-DD12-44BC-9D80-41771C955756}.Release|Any CPU.Build.0 = Release|Any CPU
		{4593A9D8-2108-490F-90A9-E3912E2582B2}.Debug|Any CPU.ActiveCfg = Debug|Any CPU
		{4593A9D8-2108-490F-90A9-E3912E2582B2}.Debug|Any CPU.Build.0 = Debug|Any CPU
		{4593A9D8-2108-490F-90A9-E3912E2582B2}.Release|Any CPU.ActiveCfg = Release|Any CPU
		{4593A9D8-2108-490F-90A9-E3912E2582B2}.Release|Any CPU.Build.0 = Release|Any CPU
	EndGlobalSection
	GlobalSection(SolutionProperties) = preSolution
		HideSolutionNode = FALSE
	EndGlobalSection
	GlobalSection(ExtensibilityGlobals) = postSolution
		SolutionGuid = {ED76A7FF-587C-49F5-90D9-803DF59636B5}
	EndGlobalSection
EndGlobal
